
Microsoft Visual Studio Solution File, Format Version 12.00
# Visual Studio 2013
VisualStudioVersion = 12.0.31101.0
MinimumVisualStudioVersion = 10.0.40219.1
Project("{FAE04EC0-301F-11D3-BF4B-00C04F79EFBC}") = "MvcApplication28", "MvcApplication28\MvcApplication28.csproj", "{55AA87FB-D104-4F50-806E-E3ED26A79BAD}"
EndProject
Project("{FAE04EC0-301F-11D3-BF4B-00C04F79EFBC}") = "Ajax.PeopleData", "Ajax.PeopleData\Ajax.PeopleData.csproj", "{DD520BDC-091C-493A-91E4-6278C7AC6903}"
EndProject
Global
	GlobalSection(SolutionConfigurationPlatforms) = preSolution
		Debug|Any CPU = Debug|Any CPU
		Release|Any CPU = Release|Any CPU
	EndGlobalSection
	GlobalSection(ProjectConfigurationPlatforms) = postSolution
		{55AA87FB-D104-4F50-806E-E3ED26A79BAD}.Debug|Any CPU.ActiveCfg = Debug|Any CPU
		{55AA87FB-D104-4F50-806E-E3ED26A79BAD}.Debug|Any CPU.Build.0 = Debug|Any CPU
		{55AA87FB-D104-4F50-806E-E3ED26A79BAD}.Release|Any CPU.ActiveCfg = Release|Any CPU
		{55AA87FB-D104-4F50-806E-E3ED26A79BAD}.Release|Any CPU.Build.0 = Release|Any CPU
		{DD520BDC-091C-493A-91E4-6278C7AC6903}.Debug|Any CPU.ActiveCfg = Debug|Any CPU
		{DD520BDC-091C-493A-91E4-6278C7AC6903}.Debug|Any CPU.Build.0 = Debug|Any CPU
		{DD520BDC-091C-493A-91E4-6278C7AC6903}.Release|Any CPU.ActiveCfg = Release|Any CPU
		{DD520BDC-091C-493A-91E4-6278C7AC6903}.Release|Any CPU.Build.0 = Release|Any CPU
	EndGlobalSection
	GlobalSection(SolutionProperties) = preSolution
		HideSolutionNode = FALSE
	EndGlobalSection
EndGlobal
